
Microsoft Visual Studio Solution File, Format Version 12.00
# Visual Studio 2012
Project("{FAE04EC0-301F-11D3-BF4B-00C04F79EFBC}") = "Assignment1_2-1", "Assignment1_2-1\Assignment1_2-1.csproj", "{53E35F10-1177-4347-9E4B-07357448B95A}"
EndProject
Project("{FAE04EC0-301F-11D3-BF4B-00C04F79EFBC}") = "A2.2", "A2.2\A2.2.csproj", "{CAEDE8F8-5BFC-4E33-ADC5-4F2A437C83DD}"
EndProject
Project("{FAE04EC0-301F-11D3-BF4B-00C04F79EFBC}") = "A2.3", "A2.3\A2.3.csproj", "{B0B496DA-E981-4FF1-BC4C-D26BEDD866AA}"
EndProject
Global
	GlobalSection(SolutionConfigurationPlatforms) = preSolution
		Debug|x86 = Debug|x86
		Release|x86 = Release|x86
	EndGlobalSection
	GlobalSection(ProjectConfigurationPlatforms) = postSolution
		{53E35F10-1177-4347-9E4B-07357448B95A}.Debug|x86.ActiveCfg = Debug|x86
		{53E35F10-1177-4347-9E4B-07357448B95A}.Debug|x86.Build.0 = Debug|x86
		{53E35F10-1177-4347-9E4B-07357448B95A}.Release|x86.ActiveCfg = Release|x86
		{53E35F10-1177-4347-9E4B-07357448B95A}.Release|x86.Build.0 = Release|x86
		{CAEDE8F8-5BFC-4E33-ADC5-4F2A437C83DD}.Debug|x86.ActiveCfg = Debug|x86
		{CAEDE8F8-5BFC-4E33-ADC5-4F2A437C83DD}.Debug|x86.Build.0 = Debug|x86
		{CAEDE8F8-5BFC-4E33-ADC5-4F2A437C83DD}.Release|x86.ActiveCfg = Release|x86
		{CAEDE8F8-5BFC-4E33-ADC5-4F2A437C83DD}.Release|x86.Build.0 = Release|x86
		{B0B496DA-E981-4FF1-BC4C-D26BEDD866AA}.Debug|x86.ActiveCfg = Debug|x86
		{B0B496DA-E981-4FF1-BC4C-D26BEDD866AA}.Debug|x86.Build.0 = Debug|x86
		{B0B496DA-E981-4FF1-BC4C-D26BEDD866AA}.Release|x86.ActiveCfg = Release|x86
		{B0B496DA-E981-4FF1-BC4C-D26BEDD866AA}.Release|x86.Build.0 = Release|x86
	EndGlobalSection
EndGlobal
