
Microsoft Visual Studio Solution File, Format Version 12.00
# Visual Studio 2012
Project("{FAE04EC0-301F-11D3-BF4B-00C04F79EFBC}") = "Assignment1_2-1", "Assignment1_2-1\Assignment1_2-1.csproj", "{53E35F10-1177-4347-9E4B-07357448B95A}"
EndProject
Project("{FAE04EC0-301F-11D3-BF4B-00C04F79EFBC}") = "A2.2", "A2.2\A2.2.csproj", "{CAEDE8F8-5BFC-4E33-ADC5-4F2A437C83DD}"
EndProject
Project("{FAE04EC0-301F-11D3-BF4B-00C04F79EFBC}") = "A2.3", "A2.3\A2.3.csproj", "{B0B496DA-E981-4FF1-BC4C-D26BEDD866AA}"
EndProject
Project("{FAE04EC0-301F-11D3-BF4B-00C04F79EFBC}") = "A2.4", "A2.4\A2.4.csproj", "{B6816F24-4854-4454-90A1-18B17EF17C09}"
EndProject
Project("{FAE04EC0-301F-11D3-BF4B-00C04F79EFBC}") = "A2.5", "A2.5\A2.5.csproj", "{5CE57CE5-311D-48D2-B6A9-BBFB03AD0AF3}"
EndProject
Project("{FAE04EC0-301F-11D3-BF4B-00C04F79EFBC}") = "A2.6", "A2.6\A2.6.csproj", "{DF4E87C2-1DF2-4F46-A7CF-FE5CCAFAF442}"
EndProject
Project("{FAE04EC0-301F-11D3-BF4B-00C04F79EFBC}") = "A2.7", "A2.7\A2.7.csproj", "{2CFC8A5D-0627-496A-AFE3-4C841F55DE43}"
EndProject
Project("{FAE04EC0-301F-11D3-BF4B-00C04F79EFBC}") = "A2.8", "A2.8\A2.8.csproj", "{6DE8C35E-1B4A-4668-A563-B4DAD139CB7E}"
EndProject
Project("{FAE04EC0-301F-11D3-BF4B-00C04F79EFBC}") = "A2.9", "A2.9\A2.9.csproj", "{7A27B4C4-A7D2-4052-873E-DAE1F5AD77DF}"
EndProject
Project("{FAE04EC0-301F-11D3-BF4B-00C04F79EFBC}") = "A2.10", "A2.10\A2.10.csproj", "{7C321341-9417-4AF7-9B35-84AE66A5196B}"
EndProject
Global
	GlobalSection(SolutionConfigurationPlatforms) = preSolution
		Debug|x86 = Debug|x86
		Release|x86 = Release|x86
	EndGlobalSection
	GlobalSection(ProjectConfigurationPlatforms) = postSolution
		{53E35F10-1177-4347-9E4B-07357448B95A}.Debug|x86.ActiveCfg = Debug|x86
		{53E35F10-1177-4347-9E4B-07357448B95A}.Debug|x86.Build.0 = Debug|x86
		{53E35F10-1177-4347-9E4B-07357448B95A}.Release|x86.ActiveCfg = Release|x86
		{53E35F10-1177-4347-9E4B-07357448B95A}.Release|x86.Build.0 = Release|x86
		{CAEDE8F8-5BFC-4E33-ADC5-4F2A437C83DD}.Debug|x86.ActiveCfg = Debug|x86
		{CAEDE8F8-5BFC-4E33-ADC5-4F2A437C83DD}.Debug|x86.Build.0 = Debug|x86
		{CAEDE8F8-5BFC-4E33-ADC5-4F2A437C83DD}.Release|x86.ActiveCfg = Release|x86
		{CAEDE8F8-5BFC-4E33-ADC5-4F2A437C83DD}.Release|x86.Build.0 = Release|x86
		{B0B496DA-E981-4FF1-BC4C-D26BEDD866AA}.Debug|x86.ActiveCfg = Debug|x86
		{B0B496DA-E981-4FF1-BC4C-D26BEDD866AA}.Debug|x86.Build.0 = Debug|x86
		{B0B496DA-E981-4FF1-BC4C-D26BEDD866AA}.Release|x86.ActiveCfg = Release|x86
		{B0B496DA-E981-4FF1-BC4C-D26BEDD866AA}.Release|x86.Build.0 = Release|x86
		{B6816F24-4854-4454-90A1-18B17EF17C09}.Debug|x86.ActiveCfg = Debug|x86
		{B6816F24-4854-4454-90A1-18B17EF17C09}.Debug|x86.Build.0 = Debug|x86
		{B6816F24-4854-4454-90A1-18B17EF17C09}.Release|x86.ActiveCfg = Release|x86
		{B6816F24-4854-4454-90A1-18B17EF17C09}.Release|x86.Build.0 = Release|x86
		{5CE57CE5-311D-48D2-B6A9-BBFB03AD0AF3}.Debug|x86.ActiveCfg = Debug|x86
		{5CE57CE5-311D-48D2-B6A9-BBFB03AD0AF3}.Debug|x86.Build.0 = Debug|x86
		{5CE57CE5-311D-48D2-B6A9-BBFB03AD0AF3}.Release|x86.ActiveCfg = Release|x86
		{5CE57CE5-311D-48D2-B6A9-BBFB03AD0AF3}.Release|x86.Build.0 = Release|x86
		{DF4E87C2-1DF2-4F46-A7CF-FE5CCAFAF442}.Debug|x86.ActiveCfg = Debug|x86
		{DF4E87C2-1DF2-4F46-A7CF-FE5CCAFAF442}.Debug|x86.Build.0 = Debug|x86
		{DF4E87C2-1DF2-4F46-A7CF-FE5CCAFAF442}.Release|x86.ActiveCfg = Release|x86
		{DF4E87C2-1DF2-4F46-A7CF-FE5CCAFAF442}.Release|x86.Build.0 = Release|x86
		{2CFC8A5D-0627-496A-AFE3-4C841F55DE43}.Debug|x86.ActiveCfg = Debug|x86
		{2CFC8A5D-0627-496A-AFE3-4C841F55DE43}.Debug|x86.Build.0 = Debug|x86
		{2CFC8A5D-0627-496A-AFE3-4C841F55DE43}.Release|x86.ActiveCfg = Release|x86
		{2CFC8A5D-0627-496A-AFE3-4C841F55DE43}.Release|x86.Build.0 = Release|x86
		{6DE8C35E-1B4A-4668-A563-B4DAD139CB7E}.Debug|x86.ActiveCfg = Debug|x86
		{6DE8C35E-1B4A-4668-A563-B4DAD139CB7E}.Debug|x86.Build.0 = Debug|x86
		{6DE8C35E-1B4A-4668-A563-B4DAD139CB7E}.Release|x86.ActiveCfg = Release|x86
		{6DE8C35E-1B4A-4668-A563-B4DAD139CB7E}.Release|x86.Build.0 = Release|x86
		{7A27B4C4-A7D2-4052-873E-DAE1F5AD77DF}.Debug|x86.ActiveCfg = Debug|x86
		{7A27B4C4-A7D2-4052-873E-DAE1F5AD77DF}.Debug|x86.Build.0 = Debug|x86
		{7A27B4C4-A7D2-4052-873E-DAE1F5AD77DF}.Release|x86.ActiveCfg = Release|x86
		{7A27B4C4-A7D2-4052-873E-DAE1F5AD77DF}.Release|x86.Build.0 = Release|x86
		{7C321341-9417-4AF7-9B35-84AE66A5196B}.Debug|x86.ActiveCfg = Debug|x86
		{7C321341-9417-4AF7-9B35-84AE66A5196B}.Debug|x86.Build.0 = Debug|x86
		{7C321341-9417-4AF7-9B35-84AE66A5196B}.Release|x86.ActiveCfg = Release|x86
		{7C321341-9417-4AF7-9B35-84AE66A5196B}.Release|x86.Build.0 = Release|x86
	EndGlobalSection
EndGlobal
